{
  "lockfile_version": "1",
  "packages": {
    "github:NixOS/nixpkgs/nixpkgs-unstable": {
      "last_modified": "2026-02-08T07:51:33Z",
      "resolved": "github:NixOS/nixpkgs/fef9403a3e4d31b0a23f0bacebbec52c248fbb51?lastModified=1770537093&narHash=sha256-pF1quXG5wsgtyuPOHcLfYg%2Fft%2FQMr8NnX0i6tW2187s%3D"
    },
    "nodejs": {
      "plugin_version": "0.0.2",
      "resolved": "github:NixOS/nixpkgs/75a52265bda7fd25e06e3a67dee3f0354e73243c#nodejs",
      "source": "nixpkg"
    }
  }
}
